// !$*UTF8*$!
{
	archiveVersion = 1;
	classes = {
	};
	objectVersion = 46;
	objects = {

/* Begin PBXBuildFile section */
		84AC803E191FA5E9002B3D0B /* Foundation.framework in Frameworks */ = {isa = PBXBuildFile; fileRef = 84AC803D191FA5E9002B3D0B /* Foundation.framework */; };
		84AC8043191FA5E9002B3D0B /* SecondWindLib.h in CopyFiles */ = {isa = PBXBuildFile; fileRef = 84AC8042191FA5E9002B3D0B /* SecondWindLib.h */; };
		84AC8045191FA5E9002B3D0B /* SecondWindLib.m in Sources */ = {isa = PBXBuildFile; fileRef = 84AC8044191FA5E9002B3D0B /* SecondWindLib.m */; };
		84AC804C191FA5E9002B3D0B /* XCTest.framework in Frameworks */ = {isa = PBXBuildFile; fileRef = 84AC804B191FA5E9002B3D0B /* XCTest.framework */; };
		84AC804D191FA5E9002B3D0B /* Foundation.framework in Frameworks */ = {isa = PBXBuildFile; fileRef = 84AC803D191FA5E9002B3D0B /* Foundation.framework */; };
		84AC804F191FA5E9002B3D0B /* UIKit.framework in Frameworks */ = {isa = PBXBuildFile; fileRef = 84AC804E191FA5E9002B3D0B /* UIKit.framework */; };
		84AC8052191FA5E9002B3D0B /* libSecondWindLib.a in Frameworks */ = {isa = PBXBuildFile; fileRef = 84AC803A191FA5E9002B3D0B /* libSecondWindLib.a */; };
		84AC8058191FA5E9002B3D0B /* InfoPlist.strings in Resources */ = {isa = PBXBuildFile; fileRef = 84AC8056191FA5E9002B3D0B /* InfoPlist.strings */; };
		84AC805A191FA5E9002B3D0B /* SecondWindLibTests.m in Sources */ = {isa = PBXBuildFile; fileRef = 84AC8059191FA5E9002B3D0B /* SecondWindLibTests.m */; };
/* End PBXBuildFile section */

/* Begin PBXContainerItemProxy section */
		84AC8050191FA5E9002B3D0B /* PBXContainerItemProxy */ = {
			isa = PBXContainerItemProxy;
			containerPortal = 84AC8032191FA5E9002B3D0B /* Project object */;
			proxyType = 1;
			remoteGlobalIDString = 84AC8039191FA5E9002B3D0B;
			remoteInfo = SecondWindLib;
		};
/* End PBXContainerItemProxy section */

/* Begin PBXCopyFilesBuildPhase section */
		84AC8038191FA5E9002B3D0B /* CopyFiles */ = {
			isa = PBXCopyFilesBuildPhase;
			buildActionMask = 2147483647;
			dstPath = "include/$(PRODUCT_NAME)";
			dstSubfolderSpec = 16;
			files = (
				84AC8043191FA5E9002B3D0B /* SecondWindLib.h in CopyFiles */,
			);
			runOnlyForDeploymentPostprocessing = 0;
		};
/* End PBXCopyFilesBuildPhase section */

/* Begin PBXFileReference section */
		84AC803A191FA5E9002B3D0B /* libSecondWindLib.a */ = {isa = PBXFileReference; explicitFileType = archive.ar; includeInIndex = 0; path = libSecondWindLib.a; sourceTree = BUILT_PRODUCTS_DIR; };
		84AC803D191FA5E9002B3D0B /* Foundation.framework */ = {isa = PBXFileReference; lastKnownFileType = wrapper.framework; name = Foundation.framework; path = System/Library/Frameworks/Foundation.framework; sourceTree = SDKROOT; };
		84AC8041191FA5E9002B3D0B /* SecondWindLib-Prefix.pch */ = {isa = PBXFileReference; lastKnownFileType = sourcecode.c.h; path = "SecondWindLib-Prefix.pch"; sourceTree = "<group>"; };
		84AC8042191FA5E9002B3D0B /* SecondWindLib.h */ = {isa = PBXFileReference; lastKnownFileType = sourcecode.c.h; path = SecondWindLib.h; sourceTree = "<group>"; };
		84AC8044191FA5E9002B3D0B /* SecondWindLib.m */ = {isa = PBXFileReference; lastKnownFileType = sourcecode.c.objc; path = SecondWindLib.m; sourceTree = "<group>"; };
		84AC804A191FA5E9002B3D0B /* SecondWindLibTests.xctest */ = {isa = PBXFileReference; explicitFileType = wrapper.cfbundle; includeInIndex = 0; path = SecondWindLibTests.xctest; sourceTree = BUILT_PRODUCTS_DIR; };
		84AC804B191FA5E9002B3D0B /* XCTest.framework */ = {isa = PBXFileReference; lastKnownFileType = wrapper.framework; name = XCTest.framework; path = Library/Frameworks/XCTest.framework; sourceTree = DEVELOPER_DIR; };
		84AC804E191FA5E9002B3D0B /* UIKit.framework */ = {isa = PBXFileReference; lastKnownFileType = wrapper.framework; name = UIKit.framework; path = Library/Frameworks/UIKit.framework; sourceTree = DEVELOPER_DIR; };
		84AC8055191FA5E9002B3D0B /* SecondWindLibTests-Info.plist */ = {isa = PBXFileReference; lastKnownFileType = text.plist.xml; path = "SecondWindLibTests-Info.plist"; sourceTree = "<group>"; };
		84AC8057191FA5E9002B3D0B /* en */ = {isa = PBXFileReference; lastKnownFileType = text.plist.strings; name = en; path = en.lproj/InfoPlist.strings; sourceTree = "<group>"; };
		84AC8059191FA5E9002B3D0B /* SecondWindLibTests.m */ = {isa = PBXFileReference; lastKnownFileType = sourcecode.c.objc; path = SecondWindLibTests.m; sourceTree = "<group>"; };
/* End PBXFileReference section */

/* Begin PBXFrameworksBuildPhase section */
		84AC8037191FA5E9002B3D0B /* Frameworks */ = {
			isa = PBXFrameworksBuildPhase;
			buildActionMask = 2147483647;
			files = (
				84AC803E191FA5E9002B3D0B /* Foundation.framework in Frameworks */,
			);
			runOnlyForDeploymentPostprocessing = 0;
		};
		84AC8047191FA5E9002B3D0B /* Frameworks */ = {
			isa = PBXFrameworksBuildPhase;
			buildActionMask = 2147483647;
			files = (
				84AC804C191FA5E9002B3D0B /* XCTest.framework in Frameworks */,
				84AC8052191FA5E9002B3D0B /* libSecondWindLib.a in Frameworks */,
				84AC804F191FA5E9002B3D0B /* UIKit.framework in Frameworks */,
				84AC804D191FA5E9002B3D0B /* Foundation.framework in Frameworks */,
			);
			runOnlyForDeploymentPostprocessing = 0;
		};
/* End PBXFrameworksBuildPhase section */

/* Begin PBXGroup section */
		84AC8031191FA5E9002B3D0B = {
			isa = PBXGroup;
			children = (
				84AC803F191FA5E9002B3D0B /* SecondWindLib */,
				84AC8053191FA5E9002B3D0B /* SecondWindLibTests */,
				84AC803C191FA5E9002B3D0B /* Frameworks */,
				84AC803B191FA5E9002B3D0B /* Products */,
			);
			sourceTree = "<group>";
		};
		84AC803B191FA5E9002B3D0B /* Products */ = {
			isa = PBXGroup;
			children = (
				84AC803A191FA5E9002B3D0B /* libSecondWindLib.a */,
				84AC804A191FA5E9002B3D0B /* SecondWindLibTests.xctest */,
			);
			name = Products;
			sourceTree = "<group>";
		};
		84AC803C191FA5E9002B3D0B /* Frameworks */ = {
			isa = PBXGroup;
			children = (
				84AC803D191FA5E9002B3D0B /* Foundation.framework */,
				84AC804B191FA5E9002B3D0B /* XCTest.framework */,
				84AC804E191FA5E9002B3D0B /* UIKit.framework */,
			);
			name = Frameworks;
			sourceTree = "<group>";
		};
		84AC803F191FA5E9002B3D0B /* SecondWindLib */ = {
			isa = PBXGroup;
			children = (
				84AC8042191FA5E9002B3D0B /* SecondWindLib.h */,
				84AC8044191FA5E9002B3D0B /* SecondWindLib.m */,
				84AC8040191FA5E9002B3D0B /* Supporting Files */,
			);
			path = SecondWindLib;
			sourceTree = "<group>";
		};
		84AC8040191FA5E9002B3D0B /* Supporting Files */ = {
			isa = PBXGroup;
			children = (
				84AC8041191FA5E9002B3D0B /* SecondWindLib-Prefix.pch */,
			);
			name = "Supporting Files";
			sourceTree = "<group>";
		};
		84AC8053191FA5E9002B3D0B /* SecondWindLibTests */ = {
			isa = PBXGroup;
			children = (
				84AC8059191FA5E9002B3D0B /* SecondWindLibTests.m */,
				84AC8054191FA5E9002B3D0B /* Supporting Files */,
			);
			path = SecondWindLibTests;
			sourceTree = "<group>";
		};
		84AC8054191FA5E9002B3D0B /* Supporting Files */ = {
			isa = PBXGroup;
			children = (
				84AC8055191FA5E9002B3D0B /* SecondWindLibTests-Info.plist */,
				84AC8056191FA5E9002B3D0B /* InfoPlist.strings */,
			);
			name = "Supporting Files";
			sourceTree = "<group>";
		};
/* End PBXGroup section */

/* Begin PBXNativeTarget section */
		84AC8039191FA5E9002B3D0B /* SecondWindLib */ = {
			isa = PBXNativeTarget;
			buildConfigurationList = 84AC805D191FA5E9002B3D0B /* Build configuration list for PBXNativeTarget "SecondWindLib" */;
			buildPhases = (
				84AC8036191FA5E9002B3D0B /* Sources */,
				84AC8037191FA5E9002B3D0B /* Frameworks */,
				84AC8038191FA5E9002B3D0B /* CopyFiles */,
			);
			buildRules = (
			);
			dependencies = (
			);
			name = SecondWindLib;
			productName = SecondWindLib;
			productReference = 84AC803A191FA5E9002B3D0B /* libSecondWindLib.a */;
			productType = "com.apple.product-type.library.static";
		};
		84AC8049191FA5E9002B3D0B /* SecondWindLibTests */ = {
			isa = PBXNativeTarget;
			buildConfigurationList = 84AC8060191FA5E9002B3D0B /* Build configuration list for PBXNativeTarget "SecondWindLibTests" */;
			buildPhases = (
				84AC8046191FA5E9002B3D0B /* Sources */,
				84AC8047191FA5E9002B3D0B /* Frameworks */,
				84AC8048191FA5E9002B3D0B /* Resources */,
			);
			buildRules = (
			);
			dependencies = (
				84AC8051191FA5E9002B3D0B /* PBXTargetDependency */,
			);
			name = SecondWindLibTests;
			productName = SecondWindLibTests;
			productReference = 84AC804A191FA5E9002B3D0B /* SecondWindLibTests.xctest */;
			productType = "com.apple.product-type.bundle.unit-test";
		};
/* End PBXNativeTarget section */

/* Begin PBXProject section */
		84AC8032191FA5E9002B3D0B /* Project object */ = {
			isa = PBXProject;
			attributes = {
				LastUpgradeCheck = 0510;
				ORGANIZATIONNAME = Momus;
			};
			buildConfigurationList = 84AC8035191FA5E9002B3D0B /* Build configuration list for PBXProject "SecondWindLib" */;
			compatibilityVersion = "Xcode 3.2";
			developmentRegion = English;
			hasScannedForEncodings = 0;
			knownRegions = (
				en,
			);
			mainGroup = 84AC8031191FA5E9002B3D0B;
			productRefGroup = 84AC803B191FA5E9002B3D0B /* Products */;
			projectDirPath = "";
			projectRoot = "";
			targets = (
				84AC8039191FA5E9002B3D0B /* SecondWindLib */,
				84AC8049191FA5E9002B3D0B /* SecondWindLibTests */,
			);
		};
/* End PBXProject section */

/* Begin PBXResourcesBuildPhase section */
		84AC8048191FA5E9002B3D0B /* Resources */ = {
			isa = PBXResourcesBuildPhase;
			buildActionMask = 2147483647;
			files = (
				84AC8058191FA5E9002B3D0B /* InfoPlist.strings in Resources */,
			);
			runOnlyForDeploymentPostprocessing = 0;
		};
/* End PBXResourcesBuildPhase section */

/* Begin PBXSourcesBuildPhase section */
		84AC8036191FA5E9002B3D0B /* Sources */ = {
			isa = PBXSourcesBuildPhase;
			buildActionMask = 2147483647;
			files = (
				84AC8045191FA5E9002B3D0B /* SecondWindLib.m in Sources */,
			);
			runOnlyForDeploymentPostprocessing = 0;
		};
		84AC8046191FA5E9002B3D0B /* Sources */ = {
			isa = PBXSourcesBuildPhase;
			buildActionMask = 2147483647;
			files = (
				84AC805A191FA5E9002B3D0B /* SecondWindLibTests.m in Sources */,
			);
			runOnlyForDeploymentPostprocessing = 0;
		};
/* End PBXSourcesBuildPhase section */

/* Begin PBXTargetDependency section */
		84AC8051191FA5E9002B3D0B /* PBXTargetDependency */ = {
			isa = PBXTargetDependency;
			target = 84AC8039191FA5E9002B3D0B /* SecondWindLib */;
			targetProxy = 84AC8050191FA5E9002B3D0B /* PBXContainerItemProxy */;
		};
/* End PBXTargetDependency section */

/* Begin PBXVariantGroup section */
		84AC8056191FA5E9002B3D0B /* InfoPlist.strings */ = {
			isa = PBXVariantGroup;
			children = (
				84AC8057191FA5E9002B3D0B /* en */,
			);
			name = InfoPlist.strings;
			sourceTree = "<group>";
		};
/* End PBXVariantGroup section */

/* Begin XCBuildConfiguration section */
		84AC805B191FA5E9002B3D0B /* Debug */ = {
			isa = XCBuildConfiguration;
			buildSettings = {
				ALWAYS_SEARCH_USER_PATHS = NO;
				CLANG_CXX_LANGUAGE_STANDARD = "gnu++0x";
				CLANG_CXX_LIBRARY = "libc++";
				CLANG_ENABLE_MODULES = YES;
				CLANG_ENABLE_OBJC_ARC = YES;
				CLANG_WARN_BOOL_CONVERSION = YES;
				CLANG_WARN_CONSTANT_CONVERSION = YES;
				CLANG_WARN_DIRECT_OBJC_ISA_USAGE = YES_ERROR;
				CLANG_WARN_EMPTY_BODY = YES;
				CLANG_WARN_ENUM_CONVERSION = YES;
				CLANG_WARN_INT_CONVERSION = YES;
				CLANG_WARN_OBJC_ROOT_CLASS = YES_ERROR;
				CLANG_WARN__DUPLICATE_METHOD_MATCH = YES;
				COPY_PHASE_STRIP = NO;
				GCC_C_LANGUAGE_STANDARD = gnu99;
				GCC_DYNAMIC_NO_PIC = NO;
				GCC_OPTIMIZATION_LEVEL = 0;
				GCC_PREPROCESSOR_DEFINITIONS = (
					"DEBUG=1",
					"$(inherited)",
				);
				GCC_SYMBOLS_PRIVATE_EXTERN = NO;
				GCC_WARN_64_TO_32_BIT_CONVERSION = YES;
				GCC_WARN_ABOUT_RETURN_TYPE = YES_ERROR;
				GCC_WARN_UNDECLARED_SELECTOR = YES;
				GCC_WARN_UNINITIALIZED_AUTOS = YES_AGGRESSIVE;
				GCC_WARN_UNUSED_FUNCTION = YES;
				GCC_WARN_UNUSED_VARIABLE = YES;
				IPHONEOS_DEPLOYMENT_TARGET = 7.1;
				ONLY_ACTIVE_ARCH = YES;
				SDKROOT = iphoneos;
			};
			name = Debug;
		};
		84AC805C191FA5E9002B3D0B /* Release */ = {
			isa = XCBuildConfiguration;
			buildSettings = {
				ALWAYS_SEARCH_USER_PATHS = NO;
				CLANG_CXX_LANGUAGE_STANDARD = "gnu++0x";
				CLANG_CXX_LIBRARY = "libc++";
				CLANG_ENABLE_MODULES = YES;
				CLANG_ENABLE_OBJC_ARC = YES;
				CLANG_WARN_BOOL_CONVERSION = YES;
				CLANG_WARN_CONSTANT_CONVERSION = YES;
				CLANG_WARN_DIRECT_OBJC_ISA_USAGE = YES_ERROR;
				CLANG_WARN_EMPTY_BODY = YES;
				CLANG_WARN_ENUM_CONVERSION = YES;
				CLANG_WARN_INT_CONVERSION = YES;
				CLANG_WARN_OBJC_ROOT_CLASS = YES_ERROR;
				CLANG_WARN__DUPLICATE_METHOD_MATCH = YES;
				COPY_PHASE_STRIP = YES;
				ENABLE_NS_ASSERTIONS = NO;
				GCC_C_LANGUAGE_STANDARD = gnu99;
				GCC_WARN_64_TO_32_BIT_CONVERSION = YES;
				GCC_WARN_ABOUT_RETURN_TYPE = YES_ERROR;
				GCC_WARN_UNDECLARED_SELECTOR = YES;
				GCC_WARN_UNINITIALIZED_AUTOS = YES_AGGRESSIVE;
				GCC_WARN_UNUSED_FUNCTION = YES;
				GCC_WARN_UNUSED_VARIABLE = YES;
				IPHONEOS_DEPLOYMENT_TARGET = 7.1;
				SDKROOT = iphoneos;
				VALIDATE_PRODUCT = YES;
			};
			name = Release;
		};
		84AC805E191FA5E9002B3D0B /* Debug */ = {
			isa = XCBuildConfiguration;
			buildSettings = {
				DSTROOT = /tmp/SecondWindLib.dst;
				GCC_PRECOMPILE_PREFIX_HEADER = YES;
				GCC_PREFIX_HEADER = "SecondWindLib/SecondWindLib-Prefix.pch";
				OTHER_LDFLAGS = "-ObjC";
				PRODUCT_NAME = "$(TARGET_NAME)";
				SKIP_INSTALL = YES;
			};
			name = Debug;
		};
		84AC805F191FA5E9002B3D0B /* Release */ = {
			isa = XCBuildConfiguration;
			buildSettings = {
				DSTROOT = /tmp/SecondWindLib.dst;
				GCC_PRECOMPILE_PREFIX_HEADER = YES;
				GCC_PREFIX_HEADER = "SecondWindLib/SecondWindLib-Prefix.pch";
				OTHER_LDFLAGS = "-ObjC";
				PRODUCT_NAME = "$(TARGET_NAME)";
				SKIP_INSTALL = YES;
			};
			name = Release;
		};
		84AC8061191FA5E9002B3D0B /* Debug */ = {
			isa = XCBuildConfiguration;
			buildSettings = {
				FRAMEWORK_SEARCH_PATHS = (
					"$(SDKROOT)/Developer/Library/Frameworks",
					"$(inherited)",
					"$(DEVELOPER_FRAMEWORKS_DIR)",
				);
				GCC_PRECOMPILE_PREFIX_HEADER = YES;
				GCC_PREFIX_HEADER = "SecondWindLib/SecondWindLib-Prefix.pch";
				GCC_PREPROCESSOR_DEFINITIONS = (
					"DEBUG=1",
					"$(inherited)",
				);
				INFOPLIST_FILE = "SecondWindLibTests/SecondWindLibTests-Info.plist";
				PRODUCT_NAME = "$(TARGET_NAME)";
				WRAPPER_EXTENSION = xctest;
			};
			name = Debug;
		};
		84AC8062191FA5E9002B3D0B /* Release */ = {
			isa = XCBuildConfiguration;
			buildSettings = {
				FRAMEWORK_SEARCH_PATHS = (
					"$(SDKROOT)/Developer/Library/Frameworks",
					"$(inherited)",
					"$(DEVELOPER_FRAMEWORKS_DIR)",
				);
				GCC_PRECOMPILE_PREFIX_HEADER = YES;
				GCC_PREFIX_HEADER = "SecondWindLib/SecondWindLib-Prefix.pch";
				INFOPLIST_FILE = "SecondWindLibTests/SecondWindLibTests-Info.plist";
				PRODUCT_NAME = "$(TARGET_NAME)";
				WRAPPER_EXTENSION = xctest;
			};
			name = Release;
		};
/* End XCBuildConfiguration section */

/* Begin XCConfigurationList section */
		84AC8035191FA5E9002B3D0B /* Build configuration list for PBXProject "SecondWindLib" */ = {
			isa = XCConfigurationList;
			buildConfigurations = (
				84AC805B191FA5E9002B3D0B /* Debug */,
				84AC805C191FA5E9002B3D0B /* Release */,
			);
			defaultConfigurationIsVisible = 0;
			defaultConfigurationName = Release;
		};
		84AC805D191FA5E9002B3D0B /* Build configuration list for PBXNativeTarget "SecondWindLib" */ = {
			isa = XCConfigurationList;
			buildConfigurations = (
				84AC805E191FA5E9002B3D0B /* Debug */,
				84AC805F191FA5E9002B3D0B /* Release */,
			);
			defaultConfigurationIsVisible = 0;
		};
		84AC8060191FA5E9002B3D0B /* Build configuration list for PBXNativeTarget "SecondWindLibTests" */ = {
			isa = XCConfigurationList;
			buildConfigurations = (
				84AC8061191FA5E9002B3D0B /* Debug */,
				84AC8062191FA5E9002B3D0B /* Release */,
			);
			defaultConfigurationIsVisible = 0;
		};
/* End XCConfigurationList section */
	};
	rootObject = 84AC8032191FA5E9002B3D0B /* Project object */;
}
